sonata_block:
    default_contexts: [cms]
    context_manager: sonata.page.block.context_manager
    blocks:
        # enable the SonataAdminBundle block
        sonata.admin.block.admin_list:
            contexts: [admin]
        sonata.admin.block.stats:
            contexts:   [admin]
        sonata.admin.block.admin_list:
            contexts:   [admin]
        sonata.admin.block.search_result:
            contexts:   [admin]